// !$*UTF8*$!
{
	archiveVersion = 1;
	classes = {
	};
	objectVersion = 46;
	objects = {

/* Begin PBXBuildFile section */
		721A87601AE4B75B003DBFC4 /* AppDelegate.swift in Sources */ = {isa = PBXBuildFile; fileRef = 721A875F1AE4B75B003DBFC4 /* AppDelegate.swift */; };
		721A87621AE4B75B003DBFC4 /* ViewController.swift in Sources */ = {isa = PBXBuildFile; fileRef = 721A87611AE4B75B003DBFC4 /* ViewController.swift */; };
		721A87651AE4B75C003DBFC4 /* Main.storyboard in Resources */ = {isa = PBXBuildFile; fileRef = 721A87631AE4B75C003DBFC4 /* Main.storyboard */; };
		721A87671AE4B75C003DBFC4 /* Images.xcassets in Resources */ = {isa = PBXBuildFile; fileRef = 721A87661AE4B75C003DBFC4 /* Images.xcassets */; };
		721A876A1AE4B75C003DBFC4 /* LaunchScreen.xib in Resources */ = {isa = PBXBuildFile; fileRef = 721A87681AE4B75C003DBFC4 /* LaunchScreen.xib */; };
		721A87761AE4B75C003DBFC4 /* StopwatchTests.swift in Sources */ = {isa = PBXBuildFile; fileRef = 721A87751AE4B75C003DBFC4 /* StopwatchTests.swift */; };
/* End PBXBuildFile section */

/* Begin PBXContainerItemProxy section */
		721A87701AE4B75C003DBFC4 /* PBXContainerItemProxy */ = {
			isa = PBXContainerItemProxy;
			containerPortal = 721A87521AE4B75B003DBFC4 /* Project object */;
			proxyType = 1;
			remoteGlobalIDString = 721A87591AE4B75B003DBFC4;
			remoteInfo = Stopwatch;
		};
/* End PBXContainerItemProxy section */

/* Begin PBXFileReference section */
		721A875A1AE4B75B003DBFC4 /* Stopwatch.app */ = {isa = PBXFileReference; explicitFileType = wrapper.application; includeInIndex = 0; path = Stopwatch.app; sourceTree = BUILT_PRODUCTS_DIR; };
		721A875E1AE4B75B003DBFC4 /* Info.plist */ = {isa = PBXFileReference; lastKnownFileType = text.plist.xml; path = Info.plist; sourceTree = "<group>"; };
		721A875F1AE4B75B003DBFC4 /* AppDelegate.swift */ = {isa = PBXFileReference; lastKnownFileType = sourcecode.swift; path = AppDelegate.swift; sourceTree = "<group>"; };
		721A87611AE4B75B003DBFC4 /* ViewController.swift */ = {isa = PBXFileReference; lastKnownFileType = sourcecode.swift; path = ViewController.swift; sourceTree = "<group>"; };
		721A87641AE4B75C003DBFC4 /* Base */ = {isa = PBXFileReference; lastKnownFileType = file.storyboard; name = Base; path = Base.lproj/Main.storyboard; sourceTree = "<group>"; };
		721A87661AE4B75C003DBFC4 /* Images.xcassets */ = {isa = PBXFileReference; lastKnownFileType = folder.assetcatalog; path = Images.xcassets; sourceTree = "<group>"; };
		721A87691AE4B75C003DBFC4 /* Base */ = {isa = PBXFileReference; lastKnownFileType = file.xib; name = Base; path = Base.lproj/LaunchScreen.xib; sourceTree = "<group>"; };
		721A876F1AE4B75C003DBFC4 /* StopwatchTests.xctest */ = {isa = PBXFileReference; explicitFileType = wrapper.cfbundle; includeInIndex = 0; path = StopwatchTests.xctest; sourceTree = BUILT_PRODUCTS_DIR; };
		721A87741AE4B75C003DBFC4 /* Info.plist */ = {isa = PBXFileReference; lastKnownFileType = text.plist.xml; path = Info.plist; sourceTree = "<group>"; };
		721A87751AE4B75C003DBFC4 /* StopwatchTests.swift */ = {isa = PBXFileReference; lastKnownFileType = sourcecode.swift; path = StopwatchTests.swift; sourceTree = "<group>"; };
/* End PBXFileReference section */

/* Begin PBXFrameworksBuildPhase section */
		721A87571AE4B75B003DBFC4 /* Frameworks */ = {
			isa = PBXFrameworksBuildPhase;
			buildActionMask = 2147483647;
			files = (
			);
			runOnlyForDeploymentPostprocessing = 0;
		};
		721A876C1AE4B75C003DBFC4 /* Frameworks */ = {
			isa = PBXFrameworksBuildPhase;
			buildActionMask = 2147483647;
			files = (
			);
			runOnlyForDeploymentPostprocessing = 0;
		};
/* End PBXFrameworksBuildPhase section */

/* Begin PBXGroup section */
		721A87511AE4B75B003DBFC4 = {
			isa = PBXGroup;
			children = (
				721A875C1AE4B75B003DBFC4 /* Stopwatch */,
				721A87721AE4B75C003DBFC4 /* StopwatchTests */,
				721A875B1AE4B75B003DBFC4 /* Products */,
			);
			sourceTree = "<group>";
		};
		721A875B1AE4B75B003DBFC4 /* Products */ = {
			isa = PBXGroup;
			children = (
				721A875A1AE4B75B003DBFC4 /* Stopwatch.app */,
				721A876F1AE4B75C003DBFC4 /* StopwatchTests.xctest */,
			);
			name = Products;
			sourceTree = "<group>";
		};
		721A875C1AE4B75B003DBFC4 /* Stopwatch */ = {
			isa = PBXGroup;
			children = (
				721A875F1AE4B75B003DBFC4 /* AppDelegate.swift */,
				721A87611AE4B75B003DBFC4 /* ViewController.swift */,
				721A87631AE4B75C003DBFC4 /* Main.storyboard */,
				721A87661AE4B75C003DBFC4 /* Images.xcassets */,
				721A87681AE4B75C003DBFC4 /* LaunchScreen.xib */,
				721A875D1AE4B75B003DBFC4 /* Supporting Files */,
			);
			path = Stopwatch;
			sourceTree = "<group>";
		};
		721A875D1AE4B75B003DBFC4 /* Supporting Files */ = {
			isa = PBXGroup;
			children = (
				721A875E1AE4B75B003DBFC4 /* Info.plist */,
			);
			name = "Supporting Files";
			sourceTree = "<group>";
		};
		721A87721AE4B75C003DBFC4 /* StopwatchTests */ = {
			isa = PBXGroup;
			children = (
				721A87751AE4B75C003DBFC4 /* StopwatchTests.swift */,
				721A87731AE4B75C003DBFC4 /* Supporting Files */,
			);
			path = StopwatchTests;
			sourceTree = "<group>";
		};
		721A87731AE4B75C003DBFC4 /* Supporting Files */ = {
			isa = PBXGroup;
			children = (
				721A87741AE4B75C003DBFC4 /* Info.plist */,
			);
			name = "Supporting Files";
			sourceTree = "<group>";
		};
/* End PBXGroup section */

/* Begin PBXNativeTarget section */
		721A87591AE4B75B003DBFC4 /* Stopwatch */ = {
			isa = PBXNativeTarget;
			buildConfigurationList = 721A87791AE4B75C003DBFC4 /* Build configuration list for PBXNativeTarget "Stopwatch" */;
			buildPhases = (
				721A87561AE4B75B003DBFC4 /* Sources */,
				721A87571AE4B75B003DBFC4 /* Frameworks */,
				721A87581AE4B75B003DBFC4 /* Resources */,
			);
			buildRules = (
			);
			dependencies = (
			);
			name = Stopwatch;
			productName = Stopwatch;
			productReference = 721A875A1AE4B75B003DBFC4 /* Stopwatch.app */;
			productType = "com.apple.product-type.application";
		};
		721A876E1AE4B75C003DBFC4 /* StopwatchTests */ = {
			isa = PBXNativeTarget;
			buildConfigurationList = 721A877C1AE4B75C003DBFC4 /* Build configuration list for PBXNativeTarget "StopwatchTests" */;
			buildPhases = (
				721A876B1AE4B75C003DBFC4 /* Sources */,
				721A876C1AE4B75C003DBFC4 /* Frameworks */,
				721A876D1AE4B75C003DBFC4 /* Resources */,
			);
			buildRules = (
			);
			dependencies = (
				721A87711AE4B75C003DBFC4 /* PBXTargetDependency */,
			);
			name = StopwatchTests;
			productName = StopwatchTests;
			productReference = 721A876F1AE4B75C003DBFC4 /* StopwatchTests.xctest */;
			productType = "com.apple.product-type.bundle.unit-test";
		};
/* End PBXNativeTarget section */

/* Begin PBXProject section */
		721A87521AE4B75B003DBFC4 /* Project object */ = {
			isa = PBXProject;
			attributes = {
				LastUpgradeCheck = 0710;
				ORGANIZATIONNAME = "Your School";
				TargetAttributes = {
					721A87591AE4B75B003DBFC4 = {
						CreatedOnToolsVersion = 6.3;
					};
					721A876E1AE4B75C003DBFC4 = {
						CreatedOnToolsVersion = 6.3;
						TestTargetID = 721A87591AE4B75B003DBFC4;
					};
				};
			};
			buildConfigurationList = 721A87551AE4B75B003DBFC4 /* Build configuration list for PBXProject "Stopwatch" */;
			compatibilityVersion = "Xcode 3.2";
			developmentRegion = English;
			hasScannedForEncodings = 0;
			knownRegions = (
				en,
				Base,
			);
			mainGroup = 721A87511AE4B75B003DBFC4;
			productRefGroup = 721A875B1AE4B75B003DBFC4 /* Products */;
			projectDirPath = "";
			projectRoot = "";
			targets = (
				721A87591AE4B75B003DBFC4 /* Stopwatch */,
				721A876E1AE4B75C003DBFC4 /* StopwatchTests */,
			);
		};
/* End PBXProject section */

/* Begin PBXResourcesBuildPhase section */
		721A87581AE4B75B003DBFC4 /* Resources */ = {
			isa = PBXResourcesBuildPhase;
			buildActionMask = 2147483647;
			files = (
				721A87651AE4B75C003DBFC4 /* Main.storyboard in Resources */,
				721A876A1AE4B75C003DBFC4 /* LaunchScreen.xib in Resources */,
				721A87671AE4B75C003DBFC4 /* Images.xcassets in Resources */,
			);
			runOnlyForDeploymentPostprocessing = 0;
		};
		721A876D1AE4B75C003DBFC4 /* Resources */ = {
			isa = PBXResourcesBuildPhase;
			buildActionMask = 2147483647;
			files = (
			);
			runOnlyForDeploymentPostprocessing = 0;
		};
/* End PBXResourcesBuildPhase section */

/* Begin PBXSourcesBuildPhase section */
		721A87561AE4B75B003DBFC4 /* Sources */ = {
			isa = PBXSourcesBuildPhase;
			buildActionMask = 2147483647;
			files = (
				721A87621AE4B75B003DBFC4 /* ViewController.swift in Sources */,
				721A87601AE4B75B003DBFC4 /* AppDelegate.swift in Sources */,
			);
			runOnlyForDeploymentPostprocessing = 0;
		};
		721A876B1AE4B75C003DBFC4 /* Sources */ = {
			isa = PBXSourcesBuildPhase;
			buildActionMask = 2147483647;
			files = (
				721A87761AE4B75C003DBFC4 /* StopwatchTests.swift in Sources */,
			);
			runOnlyForDeploymentPostprocessing = 0;
		};
/* End PBXSourcesBuildPhase section */

/* Begin PBXTargetDependency section */
		721A87711AE4B75C003DBFC4 /* PBXTargetDependency */ = {
			isa = PBXTargetDependency;
			target = 721A87591AE4B75B003DBFC4 /* Stopwatch */;
			targetProxy = 721A87701AE4B75C003DBFC4 /* PBXContainerItemProxy */;
		};
/* End PBXTargetDependency section */

/* Begin PBXVariantGroup section */
		721A87631AE4B75C003DBFC4 /* Main.storyboard */ = {
			isa = PBXVariantGroup;
			children = (
				721A87641AE4B75C003DBFC4 /* Base */,
			);
			name = Main.storyboard;
			sourceTree = "<group>";
		};
		721A87681AE4B75C003DBFC4 /* LaunchScreen.xib */ = {
			isa = PBXVariantGroup;
			children = (
				721A87691AE4B75C003DBFC4 /* Base */,
			);
			name = LaunchScreen.xib;
			sourceTree = "<group>";
		};
/* End PBXVariantGroup section */

/* Begin XCBuildConfiguration section */
		721A87771AE4B75C003DBFC4 /* Debug */ = {
			isa = XCBuildConfiguration;
			buildSettings = {
				ALWAYS_SEARCH_USER_PATHS = NO;
				CLANG_CXX_LANGUAGE_STANDARD = "gnu++0x";
				CLANG_CXX_LIBRARY = "libc++";
				CLANG_ENABLE_MODULES = YES;
				CLANG_ENABLE_OBJC_ARC = YES;
				CLANG_WARN_BOOL_CONVERSION = YES;
				CLANG_WARN_CONSTANT_CONVERSION = YES;
				CLANG_WARN_DIRECT_OBJC_ISA_USAGE = YES_ERROR;
				CLANG_WARN_EMPTY_BODY = YES;
				CLANG_WARN_ENUM_CONVERSION = YES;
				CLANG_WARN_INT_CONVERSION = YES;
				CLANG_WARN_OBJC_ROOT_CLASS = YES_ERROR;
				CLANG_WARN_UNREACHABLE_CODE = YES;
				CLANG_WARN__DUPLICATE_METHOD_MATCH = YES;
				"CODE_SIGN_IDENTITY[sdk=iphoneos*]" = "iPhone Developer";
				COPY_PHASE_STRIP = NO;
				DEBUG_INFORMATION_FORMAT = "dwarf-with-dsym";
				ENABLE_STRICT_OBJC_MSGSEND = YES;
				ENABLE_TESTABILITY = YES;
				GCC_C_LANGUAGE_STANDARD = gnu99;
				GCC_DYNAMIC_NO_PIC = NO;
				GCC_NO_COMMON_BLOCKS = YES;
				GCC_OPTIMIZATION_LEVEL = 0;
				GCC_PREPROCESSOR_DEFINITIONS = (
					"DEBUG=1",
					"$(inherited)",
				);
				GCC_SYMBOLS_PRIVATE_EXTERN = NO;
				GCC_WARN_64_TO_32_BIT_CONVERSION = YES;
				GCC_WARN_ABOUT_RETURN_TYPE = YES_ERROR;
				GCC_WARN_UNDECLARED_SELECTOR = YES;
				GCC_WARN_UNINITIALIZED_AUTOS = YES_AGGRESSIVE;
				GCC_WARN_UNUSED_FUNCTION = YES;
				GCC_WARN_UNUSED_VARIABLE = YES;
				IPHONEOS_DEPLOYMENT_TARGET = 8.3;
				MTL_ENABLE_DEBUG_INFO = YES;
				ONLY_ACTIVE_ARCH = YES;
				SDKROOT = iphoneos;
				SWIFT_OPTIMIZATION_LEVEL = "-Onone";
				TARGETED_DEVICE_FAMILY = "1,2";
			};
			name = Debug;
		};
		721A87781AE4B75C003DBFC4 /* Release */ = {
			isa = XCBuildConfiguration;
			buildSettings = {
				ALWAYS_SEARCH_USER_PATHS = NO;
				CLANG_CXX_LANGUAGE_STANDARD = "gnu++0x";
				CLANG_CXX_LIBRARY = "libc++";
				CLANG_ENABLE_MODULES = YES;
				CLANG_ENABLE_OBJC_ARC = YES;
				CLANG_WARN_BOOL_CONVERSION = YES;
				CLANG_WARN_CONSTANT_CONVERSION = YES;
				CLANG_WARN_DIRECT_OBJC_ISA_USAGE = YES_ERROR;
				CLANG_WARN_EMPTY_BODY = YES;
				CLANG_WARN_ENUM_CONVERSION = YES;
				CLANG_WARN_INT_CONVERSION = YES;
				CLANG_WARN_OBJC_ROOT_CLASS = YES_ERROR;
				CLANG_WARN_UNREACHABLE_CODE = YES;
				CLANG_WARN__DUPLICATE_METHOD_MATCH = YES;
				"CODE_SIGN_IDENTITY[sdk=iphoneos*]" = "iPhone Developer";
				COPY_PHASE_STRIP = NO;
				DEBUG_INFORMATION_FORMAT = "dwarf-with-dsym";
				ENABLE_NS_ASSERTIONS = NO;
				ENABLE_STRICT_OBJC_MSGSEND = YES;
				GCC_C_LANGUAGE_STANDARD = gnu99;
				GCC_NO_COMMON_BLOCKS = YES;
				GCC_WARN_64_TO_32_BIT_CONVERSION = YES;
				GCC_WARN_ABOUT_RETURN_TYPE = YES_ERROR;
				GCC_WARN_UNDECLARED_SELECTOR = YES;
				GCC_WARN_UNINITIALIZED_AUTOS = YES_AGGRESSIVE;
				GCC_WARN_UNUSED_FUNCTION = YES;
				GCC_WARN_UNUSED_VARIABLE = YES;
				IPHONEOS_DEPLOYMENT_TARGET = 8.3;
				MTL_ENABLE_DEBUG_INFO = NO;
				SDKROOT = iphoneos;
				TARGETED_DEVICE_FAMILY = "1,2";
				VALIDATE_PRODUCT = YES;
			};
			name = Release;
		};
		721A877A1AE4B75C003DBFC4 /* Debug */ = {
			isa = XCBuildConfiguration;
			buildSettings = {
				ASSETCATALOG_COMPILER_APPICON_NAME = AppIcon;
				INFOPLIST_FILE = Stopwatch/Info.plist;
				LD_RUNPATH_SEARCH_PATHS = "$(inherited) @executable_path/Frameworks";
				PRODUCT_BUNDLE_IDENTIFIER = "edu.yourschool.$(PRODUCT_NAME:rfc1034identifier)";
				PRODUCT_NAME = "$(TARGET_NAME)";
			};
			name = Debug;
		};
		721A877B1AE4B75C003DBFC4 /* Release */ = {
			isa = XCBuildConfiguration;
			buildSettings = {
				ASSETCATALOG_COMPILER_APPICON_NAME = AppIcon;
				INFOPLIST_FILE = Stopwatch/Info.plist;
				LD_RUNPATH_SEARCH_PATHS = "$(inherited) @executable_path/Frameworks";
				PRODUCT_BUNDLE_IDENTIFIER = "edu.yourschool.$(PRODUCT_NAME:rfc1034identifier)";
				PRODUCT_NAME = "$(TARGET_NAME)";
			};
			name = Release;
		};
		721A877D1AE4B75C003DBFC4 /* Debug */ = {
			isa = XCBuildConfiguration;
			buildSettings = {
				BUNDLE_LOADER = "$(TEST_HOST)";
				FRAMEWORK_SEARCH_PATHS = (
					"$(SDKROOT)/Developer/Library/Frameworks",
					"$(inherited)",
				);
				GCC_PREPROCESSOR_DEFINITIONS = (
					"DEBUG=1",
					"$(inherited)",
				);
				INFOPLIST_FILE = StopwatchTests/Info.plist;
				LD_RUNPATH_SEARCH_PATHS = "$(inherited) @executable_path/Frameworks @loader_path/Frameworks";
				PRODUCT_BUNDLE_IDENTIFIER = "edu.yourschool.$(PRODUCT_NAME:rfc1034identifier)";
				PRODUCT_NAME = "$(TARGET_NAME)";
				TEST_HOST = "$(BUILT_PRODUCTS_DIR)/Stopwatch.app/Stopwatch";
			};
			name = Debug;
		};
		721A877E1AE4B75C003DBFC4 /* Release */ = {
			isa = XCBuildConfiguration;
			buildSettings = {
				BUNDLE_LOADER = "$(TEST_HOST)";
				FRAMEWORK_SEARCH_PATHS = (
					"$(SDKROOT)/Developer/Library/Frameworks",
					"$(inherited)",
				);
				INFOPLIST_FILE = StopwatchTests/Info.plist;
				LD_RUNPATH_SEARCH_PATHS = "$(inherited) @executable_path/Frameworks @loader_path/Frameworks";
				PRODUCT_BUNDLE_IDENTIFIER = "edu.yourschool.$(PRODUCT_NAME:rfc1034identifier)";
				PRODUCT_NAME = "$(TARGET_NAME)";
				TEST_HOST = "$(BUILT_PRODUCTS_DIR)/Stopwatch.app/Stopwatch";
			};
			name = Release;
		};
/* End XCBuildConfiguration section */

/* Begin XCConfigurationList section */
		721A87551AE4B75B003DBFC4 /* Build configuration list for PBXProject "Stopwatch" */ = {
			isa = XCConfigurationList;
			buildConfigurations = (
				721A87771AE4B75C003DBFC4 /* Debug */,
				721A87781AE4B75C003DBFC4 /* Release */,
			);
			defaultConfigurationIsVisible = 0;
			defaultConfigurationName = Release;
		};
		721A87791AE4B75C003DBFC4 /* Build configuration list for PBXNativeTarget "Stopwatch" */ = {
			isa = XCConfigurationList;
			buildConfigurations = (
				721A877A1AE4B75C003DBFC4 /* Debug */,
				721A877B1AE4B75C003DBFC4 /* Release */,
			);
			defaultConfigurationIsVisible = 0;
			defaultConfigurationName = Release;
		};
		721A877C1AE4B75C003DBFC4 /* Build configuration list for PBXNativeTarget "StopwatchTests" */ = {
			isa = XCConfigurationList;
			buildConfigurations = (
				721A877D1AE4B75C003DBFC4 /* Debug */,
				721A877E1AE4B75C003DBFC4 /* Release */,
			);
			defaultConfigurationIsVisible = 0;
			defaultConfigurationName = Release;
		};
/* End XCConfigurationList section */
	};
	rootObject = 721A87521AE4B75B003DBFC4 /* Project object */;
}
